// !$*UTF8*$!
{
	archiveVersion = 1;
	classes = {
	};
	objectVersion = 56;
	objects = {

/* Begin PBXBuildFile section */
		E51521492A9504D700A21526 /* LoginViewModel.swift in Sources */ = {isa = PBXBuildFile; fileRef = E51521482A9504D700A21526 /* LoginViewModel.swift */; };
		E515214B2A955C9400A21526 /* User.swift in Sources */ = {isa = PBXBuildFile; fileRef = E515214A2A955C9400A21526 /* User.swift */; };
		E515214D2A95637200A21526 /* UserService.swift in Sources */ = {isa = PBXBuildFile; fileRef = E515214C2A95637200A21526 /* UserService.swift */; };
		E54576AC2A99F36800A61390 /* MessageBoxView.swift in Sources */ = {isa = PBXBuildFile; fileRef = E54576AB2A99F36800A61390 /* MessageBoxView.swift */; };
		E54576AE2A99FD0400A61390 /* ForeCastBoxView.swift in Sources */ = {isa = PBXBuildFile; fileRef = E54576AD2A99FD0400A61390 /* ForeCastBoxView.swift */; };
		E572C0CC2A87D4970015FABD /* Expense_TrackerApp.swift in Sources */ = {isa = PBXBuildFile; fileRef = E572C0CB2A87D4970015FABD /* Expense_TrackerApp.swift */; };
		E572C0CE2A87D4970015FABD /* ContentView.swift in Sources */ = {isa = PBXBuildFile; fileRef = E572C0CD2A87D4970015FABD /* ContentView.swift */; };
		E572C0D02A87D4990015FABD /* Assets.xcassets in Resources */ = {isa = PBXBuildFile; fileRef = E572C0CF2A87D4990015FABD /* Assets.xcassets */; };
		E572C0D32A87D4990015FABD /* Preview Assets.xcassets in Resources */ = {isa = PBXBuildFile; fileRef = E572C0D22A87D4990015FABD /* Preview Assets.xcassets */; };
		E583E8432A98CFB900646AAD /* PredictionCard.swift in Sources */ = {isa = PBXBuildFile; fileRef = E583E8422A98CFB900646AAD /* PredictionCard.swift */; };
		E583E8452A98D0F900646AAD /* HeaderView.swift in Sources */ = {isa = PBXBuildFile; fileRef = E583E8442A98D0F900646AAD /* HeaderView.swift */; };
		E583E8472A98D17A00646AAD /* PredictionCategoryItemView.swift in Sources */ = {isa = PBXBuildFile; fileRef = E583E8462A98D17A00646AAD /* PredictionCategoryItemView.swift */; };
		E583E8492A98F54500646AAD /* Prediction.swift in Sources */ = {isa = PBXBuildFile; fileRef = E583E8482A98F54500646AAD /* Prediction.swift */; };
		E583E84D2A98F70100646AAD /* PredictionViewModel.swift in Sources */ = {isa = PBXBuildFile; fileRef = E583E84C2A98F70100646AAD /* PredictionViewModel.swift */; };
		E583E84F2A98F77A00646AAD /* PredictionService.swift in Sources */ = {isa = PBXBuildFile; fileRef = E583E84E2A98F77A00646AAD /* PredictionService.swift */; };
		E58E451F2A94B4E000D43115 /* FirebaseAuth in Frameworks */ = {isa = PBXBuildFile; productRef = E58E451E2A94B4E000D43115 /* FirebaseAuth */; };
		E58E45212A94B4E000D43115 /* FirebaseFirestore in Frameworks */ = {isa = PBXBuildFile; productRef = E58E45202A94B4E000D43115 /* FirebaseFirestore */; };
		E58E45232A94B4E000D43115 /* FirebaseFirestoreSwift in Frameworks */ = {isa = PBXBuildFile; productRef = E58E45222A94B4E000D43115 /* FirebaseFirestoreSwift */; };
		E58E45252A94B4E000D43115 /* FirebaseStorage in Frameworks */ = {isa = PBXBuildFile; productRef = E58E45242A94B4E000D43115 /* FirebaseStorage */; };
		E58E45292A94C33500D43115 /* RegistrationViewModel.swift in Sources */ = {isa = PBXBuildFile; fileRef = E58E45282A94C33500D43115 /* RegistrationViewModel.swift */; };
		E58E452B2A94C47100D43115 /* AuthService.swift in Sources */ = {isa = PBXBuildFile; fileRef = E58E452A2A94C47100D43115 /* AuthService.swift */; };
		E58E452F2A94EE3C00D43115 /* ContentViewModel.swift in Sources */ = {isa = PBXBuildFile; fileRef = E58E452E2A94EE3C00D43115 /* ContentViewModel.swift */; };
		E58E45342A94F6D000D43115 /* TransactionView.swift in Sources */ = {isa = PBXBuildFile; fileRef = E58E45332A94F6D000D43115 /* TransactionView.swift */; };
		E5957D282A96059B003831FD /* PredictionView.swift in Sources */ = {isa = PBXBuildFile; fileRef = E5957D272A96059B003831FD /* PredictionView.swift */; };
		E5A453D42A97848D002364AA /* Shimmering.swift in Sources */ = {isa = PBXBuildFile; fileRef = E5A453D32A97848D002364AA /* Shimmering.swift */; };
		E5A453D92A979AB8002364AA /* CircularProfileImageView.swift in Sources */ = {isa = PBXBuildFile; fileRef = E5A453D82A979AB8002364AA /* CircularProfileImageView.swift */; };
		E5B7BBAA2A91FB4B005D10AB /* GoogleService-Info.plist in Resources */ = {isa = PBXBuildFile; fileRef = E5B7BBA92A91FB4B005D10AB /* GoogleService-Info.plist */; };
		E5E397E02A8EA14C00F55B86 /* LoginView.swift in Sources */ = {isa = PBXBuildFile; fileRef = E5E397DF2A8EA14C00F55B86 /* LoginView.swift */; };
		E5E397E22A8EB26F00F55B86 /* RegistrationView.swift in Sources */ = {isa = PBXBuildFile; fileRef = E5E397E12A8EB26F00F55B86 /* RegistrationView.swift */; };
		E5FA93412A90C5450054B837 /* TextFieldModifier.swift in Sources */ = {isa = PBXBuildFile; fileRef = E5FA93402A90C5450054B837 /* TextFieldModifier.swift */; };
		E5FA93432A90C7000054B837 /* ButtonModifier.swift in Sources */ = {isa = PBXBuildFile; fileRef = E5FA93422A90C7000054B837 /* ButtonModifier.swift */; };
/* End PBXBuildFile section */

/* Begin PBXFileReference section */
		E51521482A9504D700A21526 /* LoginViewModel.swift */ = {isa = PBXFileReference; lastKnownFileType = sourcecode.swift; path = LoginViewModel.swift; sourceTree = "<group>"; };
		E515214A2A955C9400A21526 /* User.swift */ = {isa = PBXFileReference; lastKnownFileType = sourcecode.swift; path = User.swift; sourceTree = "<group>"; };
		E515214C2A95637200A21526 /* UserService.swift */ = {isa = PBXFileReference; lastKnownFileType = sourcecode.swift; path = UserService.swift; sourceTree = "<group>"; };
		E54576AB2A99F36800A61390 /* MessageBoxView.swift */ = {isa = PBXFileReference; lastKnownFileType = sourcecode.swift; path = MessageBoxView.swift; sourceTree = "<group>"; };
		E54576AD2A99FD0400A61390 /* ForeCastBoxView.swift */ = {isa = PBXFileReference; lastKnownFileType = sourcecode.swift; path = ForeCastBoxView.swift; sourceTree = "<group>"; };
		E572C0C82A87D4970015FABD /* Expense-Tracker.app */ = {isa = PBXFileReference; explicitFileType = wrapper.application; includeInIndex = 0; path = "Expense-Tracker.app"; sourceTree = BUILT_PRODUCTS_DIR; };
		E572C0CB2A87D4970015FABD /* Expense_TrackerApp.swift */ = {isa = PBXFileReference; lastKnownFileType = sourcecode.swift; path = Expense_TrackerApp.swift; sourceTree = "<group>"; };
		E572C0CD2A87D4970015FABD /* ContentView.swift */ = {isa = PBXFileReference; lastKnownFileType = sourcecode.swift; path = ContentView.swift; sourceTree = "<group>"; };
		E572C0CF2A87D4990015FABD /* Assets.xcassets */ = {isa = PBXFileReference; lastKnownFileType = folder.assetcatalog; path = Assets.xcassets; sourceTree = "<group>"; };
		E572C0D22A87D4990015FABD /* Preview Assets.xcassets */ = {isa = PBXFileReference; lastKnownFileType = folder.assetcatalog; path = "Preview Assets.xcassets"; sourceTree = "<group>"; };
		E583E8422A98CFB900646AAD /* PredictionCard.swift */ = {isa = PBXFileReference; lastKnownFileType = sourcecode.swift; path = PredictionCard.swift; sourceTree = "<group>"; };
		E583E8442A98D0F900646AAD /* HeaderView.swift */ = {isa = PBXFileReference; lastKnownFileType = sourcecode.swift; path = HeaderView.swift; sourceTree = "<group>"; };
		E583E8462A98D17A00646AAD /* PredictionCategoryItemView.swift */ = {isa = PBXFileReference; lastKnownFileType = sourcecode.swift; path = PredictionCategoryItemView.swift; sourceTree = "<group>"; };
		E583E8482A98F54500646AAD /* Prediction.swift */ = {isa = PBXFileReference; lastKnownFileType = sourcecode.swift; path = Prediction.swift; sourceTree = "<group>"; };
		E583E84C2A98F70100646AAD /* PredictionViewModel.swift */ = {isa = PBXFileReference; lastKnownFileType = sourcecode.swift; path = PredictionViewModel.swift; sourceTree = "<group>"; };
		E583E84E2A98F77A00646AAD /* PredictionService.swift */ = {isa = PBXFileReference; lastKnownFileType = sourcecode.swift; path = PredictionService.swift; sourceTree = "<group>"; };
		E58E45282A94C33500D43115 /* RegistrationViewModel.swift */ = {isa = PBXFileReference; lastKnownFileType = sourcecode.swift; path = RegistrationViewModel.swift; sourceTree = "<group>"; };
		E58E452A2A94C47100D43115 /* AuthService.swift */ = {isa = PBXFileReference; lastKnownFileType = sourcecode.swift; path = AuthService.swift; sourceTree = "<group>"; };
		E58E452E2A94EE3C00D43115 /* ContentViewModel.swift */ = {isa = PBXFileReference; lastKnownFileType = sourcecode.swift; path = ContentViewModel.swift; sourceTree = "<group>"; };
		E58E45332A94F6D000D43115 /* TransactionView.swift */ = {isa = PBXFileReference; lastKnownFileType = sourcecode.swift; path = TransactionView.swift; sourceTree = "<group>"; };
		E5957D272A96059B003831FD /* PredictionView.swift */ = {isa = PBXFileReference; lastKnownFileType = sourcecode.swift; path = PredictionView.swift; sourceTree = "<group>"; };
		E5A453D32A97848D002364AA /* Shimmering.swift */ = {isa = PBXFileReference; lastKnownFileType = sourcecode.swift; path = Shimmering.swift; sourceTree = "<group>"; };
		E5A453D82A979AB8002364AA /* CircularProfileImageView.swift */ = {isa = PBXFileReference; lastKnownFileType = sourcecode.swift; path = CircularProfileImageView.swift; sourceTree = "<group>"; };
		E5B7BBA92A91FB4B005D10AB /* GoogleService-Info.plist */ = {isa = PBXFileReference; fileEncoding = 4; lastKnownFileType = text.plist.xml; path = "GoogleService-Info.plist"; sourceTree = "<group>"; };
		E5E397DF2A8EA14C00F55B86 /* LoginView.swift */ = {isa = PBXFileReference; lastKnownFileType = sourcecode.swift; path = LoginView.swift; sourceTree = "<group>"; };
		E5E397E12A8EB26F00F55B86 /* RegistrationView.swift */ = {isa = PBXFileReference; lastKnownFileType = sourcecode.swift; path = RegistrationView.swift; sourceTree = "<group>"; };
		E5FA93402A90C5450054B837 /* TextFieldModifier.swift */ = {isa = PBXFileReference; lastKnownFileType = sourcecode.swift; path = TextFieldModifier.swift; sourceTree = "<group>"; };
		E5FA93422A90C7000054B837 /* ButtonModifier.swift */ = {isa = PBXFileReference; lastKnownFileType = sourcecode.swift; path = ButtonModifier.swift; sourceTree = "<group>"; };
/* End PBXFileReference section */

/* Begin PBXFrameworksBuildPhase section */
		E572C0C52A87D4970015FABD /* Frameworks */ = {
			isa = PBXFrameworksBuildPhase;
			buildActionMask = 2147483647;
			files = (
				E58E451F2A94B4E000D43115 /* FirebaseAuth in Frameworks */,
				E58E45252A94B4E000D43115 /* FirebaseStorage in Frameworks */,
				E58E45212A94B4E000D43115 /* FirebaseFirestore in Frameworks */,
				E58E45232A94B4E000D43115 /* FirebaseFirestoreSwift in Frameworks */,
			);
			runOnlyForDeploymentPostprocessing = 0;
		};
/* End PBXFrameworksBuildPhase section */

/* Begin PBXGroup section */
		E572C0BF2A87D4970015FABD = {
			isa = PBXGroup;
			children = (
				E572C0CA2A87D4970015FABD /* Expense-Tracker */,
				E572C0C92A87D4970015FABD /* Products */,
			);
			sourceTree = "<group>";
		};
		E572C0C92A87D4970015FABD /* Products */ = {
			isa = PBXGroup;
			children = (
				E572C0C82A87D4970015FABD /* Expense-Tracker.app */,
			);
			name = Products;
			sourceTree = "<group>";
		};
		E572C0CA2A87D4970015FABD /* Expense-Tracker */ = {
			isa = PBXGroup;
			children = (
				E5E397D92A8E421600F55B86 /* App */,
				E5E397D82A8E421200F55B86 /* Core */,
				E5E397D72A8E420E00F55B86 /* Extensions */,
				E5E397D62A8E420A00F55B86 /* Model */,
				E5E397D52A8E420600F55B86 /* Services */,
				E5E397D42A8E420200F55B86 /* Utils */,
				E5A453D22A97844D002364AA /* Animations */,
				E572C0CF2A87D4990015FABD /* Assets.xcassets */,
				E5B7BBA92A91FB4B005D10AB /* GoogleService-Info.plist */,
				E572C0D12A87D4990015FABD /* Preview Content */,
			);
			path = "Expense-Tracker";
			sourceTree = "<group>";
		};
		E572C0D12A87D4990015FABD /* Preview Content */ = {
			isa = PBXGroup;
			children = (
				E572C0D22A87D4990015FABD /* Preview Assets.xcassets */,
			);
			path = "Preview Content";
			sourceTree = "<group>";
		};
		E583E84A2A98F6A700646AAD /* View */ = {
			isa = PBXGroup;
			children = (
				E5957D272A96059B003831FD /* PredictionView.swift */,
			);
			path = View;
			sourceTree = "<group>";
		};
		E583E84B2A98F6C600646AAD /* ViewModel */ = {
			isa = PBXGroup;
			children = (
				E583E84C2A98F70100646AAD /* PredictionViewModel.swift */,
			);
			path = ViewModel;
			sourceTree = "<group>";
		};
		E58E45262A94BB9500D43115 /* Service */ = {
			isa = PBXGroup;
			children = (
				E58E452A2A94C47100D43115 /* AuthService.swift */,
			);
			path = Service;
			sourceTree = "<group>";
		};
		E58E45272A94BBA500D43115 /* ViewModel */ = {
			isa = PBXGroup;
			children = (
				E58E45282A94C33500D43115 /* RegistrationViewModel.swift */,
				E51521482A9504D700A21526 /* LoginViewModel.swift */,
			);
			path = ViewModel;
			sourceTree = "<group>";
		};
		E58E452C2A94EBC400D43115 /* View */ = {
			isa = PBXGroup;
			children = (
				E572C0CD2A87D4970015FABD /* ContentView.swift */,
			);
			path = View;
			sourceTree = "<group>";
		};
		E58E452D2A94EBCE00D43115 /* ViewModel */ = {
			isa = PBXGroup;
			children = (
				E58E452E2A94EE3C00D43115 /* ContentViewModel.swift */,
			);
			path = ViewModel;
			sourceTree = "<group>";
		};
		E58E45302A94F66700D43115 /* Transaction */ = {
			isa = PBXGroup;
			children = (
				E58E45322A94F6A300D43115 /* ViewModel */,
				E58E45312A94F69900D43115 /* View */,
			);
			path = Transaction;
			sourceTree = "<group>";
		};
		E58E45312A94F69900D43115 /* View */ = {
			isa = PBXGroup;
			children = (
				E58E45332A94F6D000D43115 /* TransactionView.swift */,
			);
			path = View;
			sourceTree = "<group>";
		};
		E58E45322A94F6A300D43115 /* ViewModel */ = {
			isa = PBXGroup;
			children = (
			);
			path = ViewModel;
			sourceTree = "<group>";
		};
		E5957D262A96054F003831FD /* Prediction */ = {
			isa = PBXGroup;
			children = (
				E583E84A2A98F6A700646AAD /* View */,
				E583E84B2A98F6C600646AAD /* ViewModel */,
			);
			path = Prediction;
			sourceTree = "<group>";
		};
		E5A453D22A97844D002364AA /* Animations */ = {
			isa = PBXGroup;
			children = (
				E5A453D32A97848D002364AA /* Shimmering.swift */,
			);
			path = Animations;
			sourceTree = "<group>";
		};
		E5A453D52A97949A002364AA /* Components */ = {
			isa = PBXGroup;
			children = (
				E5A453D82A979AB8002364AA /* CircularProfileImageView.swift */,
				E583E8422A98CFB900646AAD /* PredictionCard.swift */,
				E583E8442A98D0F900646AAD /* HeaderView.swift */,
				E583E8462A98D17A00646AAD /* PredictionCategoryItemView.swift */,
				E54576AB2A99F36800A61390 /* MessageBoxView.swift */,
				E54576AD2A99FD0400A61390 /* ForeCastBoxView.swift */,
			);
			path = Components;
			sourceTree = "<group>";
		};
		E5E397D42A8E420200F55B86 /* Utils */ = {
			isa = PBXGroup;
			children = (
				E5FA933F2A90C5040054B837 /* ViewModifier */,
			);
			path = Utils;
			sourceTree = "<group>";
		};
		E5E397D52A8E420600F55B86 /* Services */ = {
			isa = PBXGroup;
			children = (
				E515214C2A95637200A21526 /* UserService.swift */,
				E583E84E2A98F77A00646AAD /* PredictionService.swift */,
			);
			path = Services;
			sourceTree = "<group>";
		};
		E5E397D62A8E420A00F55B86 /* Model */ = {
			isa = PBXGroup;
			children = (
				E515214A2A955C9400A21526 /* User.swift */,
				E583E8482A98F54500646AAD /* Prediction.swift */,
			);
			path = Model;
			sourceTree = "<group>";
		};
		E5E397D72A8E420E00F55B86 /* Extensions */ = {
			isa = PBXGroup;
			children = (
			);
			path = Extensions;
			sourceTree = "<group>";
		};
		E5E397D82A8E421200F55B86 /* Core */ = {
			isa = PBXGroup;
			children = (
				E5A453D52A97949A002364AA /* Components */,
				E5957D262A96054F003831FD /* Prediction */,
				E58E45302A94F66700D43115 /* Transaction */,
				E5E397DA2A8EA04700F55B86 /* Authentication */,
				E5E397DB2A8EA05A00F55B86 /* Root */,
			);
			path = Core;
			sourceTree = "<group>";
		};
		E5E397D92A8E421600F55B86 /* App */ = {
			isa = PBXGroup;
			children = (
				E572C0CB2A87D4970015FABD /* Expense_TrackerApp.swift */,
			);
			path = App;
			sourceTree = "<group>";
		};
		E5E397DA2A8EA04700F55B86 /* Authentication */ = {
			isa = PBXGroup;
			children = (
				E58E45262A94BB9500D43115 /* Service */,
				E5E397DC2A8EA0E600F55B86 /* Views */,
				E58E45272A94BBA500D43115 /* ViewModel */,
			);
			path = Authentication;
			sourceTree = "<group>";
		};
		E5E397DB2A8EA05A00F55B86 /* Root */ = {
			isa = PBXGroup;
			children = (
				E58E452D2A94EBCE00D43115 /* ViewModel */,
				E58E452C2A94EBC400D43115 /* View */,
			);
			path = Root;
			sourceTree = "<group>";
		};
		E5E397DC2A8EA0E600F55B86 /* Views */ = {
			isa = PBXGroup;
			children = (
				E5E397DF2A8EA14C00F55B86 /* LoginView.swift */,
				E5E397E12A8EB26F00F55B86 /* RegistrationView.swift */,
			);
			path = Views;
			sourceTree = "<group>";
		};
		E5FA933F2A90C5040054B837 /* ViewModifier */ = {
			isa = PBXGroup;
			children = (
				E5FA93402A90C5450054B837 /* TextFieldModifier.swift */,
				E5FA93422A90C7000054B837 /* ButtonModifier.swift */,
			);
			path = ViewModifier;
			sourceTree = "<group>";
		};
/* End PBXGroup section */

/* Begin PBXNativeTarget section */
		E572C0C72A87D4970015FABD /* Expense-Tracker */ = {
			isa = PBXNativeTarget;
			buildConfigurationList = E572C0D62A87D4990015FABD /* Build configuration list for PBXNativeTarget "Expense-Tracker" */;
			buildPhases = (
				E572C0C42A87D4970015FABD /* Sources */,
				E572C0C52A87D4970015FABD /* Frameworks */,
				E572C0C62A87D4970015FABD /* Resources */,
			);
			buildRules = (
			);
			dependencies = (
			);
			name = "Expense-Tracker";
			packageProductDependencies = (
				E58E451E2A94B4E000D43115 /* FirebaseAuth */,
				E58E45202A94B4E000D43115 /* FirebaseFirestore */,
				E58E45222A94B4E000D43115 /* FirebaseFirestoreSwift */,
				E58E45242A94B4E000D43115 /* FirebaseStorage */,
			);
			productName = "Expense-Tracker";
			productReference = E572C0C82A87D4970015FABD /* Expense-Tracker.app */;
			productType = "com.apple.product-type.application";
		};
/* End PBXNativeTarget section */

/* Begin PBXProject section */
		E572C0C02A87D4970015FABD /* Project object */ = {
			isa = PBXProject;
			attributes = {
				BuildIndependentTargetsInParallel = 1;
				LastSwiftUpdateCheck = 1410;
				LastUpgradeCheck = 1410;
				TargetAttributes = {
					E572C0C72A87D4970015FABD = {
						CreatedOnToolsVersion = 14.1;
					};
				};
			};
			buildConfigurationList = E572C0C32A87D4970015FABD /* Build configuration list for PBXProject "Expense-Tracker" */;
			compatibilityVersion = "Xcode 14.0";
			developmentRegion = en;
			hasScannedForEncodings = 0;
			knownRegions = (
				en,
				Base,
			);
			mainGroup = E572C0BF2A87D4970015FABD;
			packageReferences = (
				E58E451D2A94B4E000D43115 /* XCRemoteSwiftPackageReference "firebase-ios-sdk" */,
			);
			productRefGroup = E572C0C92A87D4970015FABD /* Products */;
			projectDirPath = "";
			projectRoot = "";
			targets = (
				E572C0C72A87D4970015FABD /* Expense-Tracker */,
			);
		};
/* End PBXProject section */

/* Begin PBXResourcesBuildPhase section */
		E572C0C62A87D4970015FABD /* Resources */ = {
			isa = PBXResourcesBuildPhase;
			buildActionMask = 2147483647;
			files = (
				E572C0D32A87D4990015FABD /* Preview Assets.xcassets in Resources */,
				E572C0D02A87D4990015FABD /* Assets.xcassets in Resources */,
				E5B7BBAA2A91FB4B005D10AB /* GoogleService-Info.plist in Resources */,
			);
			runOnlyForDeploymentPostprocessing = 0;
		};
/* End PBXResourcesBuildPhase section */

/* Begin PBXSourcesBuildPhase section */
		E572C0C42A87D4970015FABD /* Sources */ = {
			isa = PBXSourcesBuildPhase;
			buildActionMask = 2147483647;
			files = (
				E5FA93432A90C7000054B837 /* ButtonModifier.swift in Sources */,
				E583E8452A98D0F900646AAD /* HeaderView.swift in Sources */,
				E54576AC2A99F36800A61390 /* MessageBoxView.swift in Sources */,
				E54576AE2A99FD0400A61390 /* ForeCastBoxView.swift in Sources */,
				E5E397E02A8EA14C00F55B86 /* LoginView.swift in Sources */,
				E583E8432A98CFB900646AAD /* PredictionCard.swift in Sources */,
				E51521492A9504D700A21526 /* LoginViewModel.swift in Sources */,
				E5FA93412A90C5450054B837 /* TextFieldModifier.swift in Sources */,
				E58E45292A94C33500D43115 /* RegistrationViewModel.swift in Sources */,
				E572C0CE2A87D4970015FABD /* ContentView.swift in Sources */,
				E583E8492A98F54500646AAD /* Prediction.swift in Sources */,
				E515214D2A95637200A21526 /* UserService.swift in Sources */,
				E58E452F2A94EE3C00D43115 /* ContentViewModel.swift in Sources */,
				E572C0CC2A87D4970015FABD /* Expense_TrackerApp.swift in Sources */,
				E583E84F2A98F77A00646AAD /* PredictionService.swift in Sources */,
				E515214B2A955C9400A21526 /* User.swift in Sources */,
				E58E45342A94F6D000D43115 /* TransactionView.swift in Sources */,
				E5E397E22A8EB26F00F55B86 /* RegistrationView.swift in Sources */,
				E583E8472A98D17A00646AAD /* PredictionCategoryItemView.swift in Sources */,
				E58E452B2A94C47100D43115 /* AuthService.swift in Sources */,
				E5A453D92A979AB8002364AA /* CircularProfileImageView.swift in Sources */,
				E5957D282A96059B003831FD /* PredictionView.swift in Sources */,
				E583E84D2A98F70100646AAD /* PredictionViewModel.swift in Sources */,
				E5A453D42A97848D002364AA /* Shimmering.swift in Sources */,
			);
			runOnlyForDeploymentPostprocessing = 0;
		};
/* End PBXSourcesBuildPhase section */

/* Begin XCBuildConfiguration section */
		E572C0D42A87D4990015FABD /* Debug */ = {
			isa = XCBuildConfiguration;
			buildSettings = {
				ALWAYS_SEARCH_USER_PATHS = NO;
				CLANG_ANALYZER_NONNULL = YES;
				CLANG_ANALYZER_NUMBER_OBJECT_CONVERSION = YES_AGGRESSIVE;
				CLANG_CXX_LANGUAGE_STANDARD = "gnu++20";
				CLANG_ENABLE_MODULES = YES;
				CLANG_ENABLE_OBJC_ARC = YES;
				CLANG_ENABLE_OBJC_WEAK = YES;
				CLANG_WARN_BLOCK_CAPTURE_AUTORELEASING = YES;
				CLANG_WARN_BOOL_CONVERSION = YES;
				CLANG_WARN_COMMA = YES;
				CLANG_WARN_CONSTANT_CONVERSION = YES;
				CLANG_WARN_DEPRECATED_OBJC_IMPLEMENTATIONS = YES;
				CLANG_WARN_DIRECT_OBJC_ISA_USAGE = YES_ERROR;
				CLANG_WARN_DOCUMENTATION_COMMENTS = YES;
				CLANG_WARN_EMPTY_BODY = YES;
				CLANG_WARN_ENUM_CONVERSION = YES;
				CLANG_WARN_INFINITE_RECURSION = YES;
				CLANG_WARN_INT_CONVERSION = YES;
				CLANG_WARN_NON_LITERAL_NULL_CONVERSION = YES;
				CLANG_WARN_OBJC_IMPLICIT_RETAIN_SELF = YES;
				CLANG_WARN_OBJC_LITERAL_CONVERSION = YES;
				CLANG_WARN_OBJC_ROOT_CLASS = YES_ERROR;
				CLANG_WARN_QUOTED_INCLUDE_IN_FRAMEWORK_HEADER = YES;
				CLANG_WARN_RANGE_LOOP_ANALYSIS = YES;
				CLANG_WARN_STRICT_PROTOTYPES = YES;
				CLANG_WARN_SUSPICIOUS_MOVE = YES;
				CLANG_WARN_UNGUARDED_AVAILABILITY = YES_AGGRESSIVE;
				CLANG_WARN_UNREACHABLE_CODE = YES;
				CLANG_WARN__DUPLICATE_METHOD_MATCH = YES;
				COPY_PHASE_STRIP = NO;
				DEBUG_INFORMATION_FORMAT = dwarf;
				ENABLE_STRICT_OBJC_MSGSEND = YES;
				ENABLE_TESTABILITY = YES;
				GCC_C_LANGUAGE_STANDARD = gnu11;
				GCC_DYNAMIC_NO_PIC = NO;
				GCC_NO_COMMON_BLOCKS = YES;
				GCC_OPTIMIZATION_LEVEL = 0;
				GCC_PREPROCESSOR_DEFINITIONS = (
					"DEBUG=1",
					"$(inherited)",
				);
				GCC_WARN_64_TO_32_BIT_CONVERSION = YES;
				GCC_WARN_ABOUT_RETURN_TYPE = YES_ERROR;
				GCC_WARN_UNDECLARED_SELECTOR = YES;
				GCC_WARN_UNINITIALIZED_AUTOS = YES_AGGRESSIVE;
				GCC_WARN_UNUSED_FUNCTION = YES;
				GCC_WARN_UNUSED_VARIABLE = YES;
				IPHONEOS_DEPLOYMENT_TARGET = 16.1;
				MTL_ENABLE_DEBUG_INFO = INCLUDE_SOURCE;
				MTL_FAST_MATH = YES;
				ONLY_ACTIVE_ARCH = YES;
				SDKROOT = iphoneos;
				SWIFT_ACTIVE_COMPILATION_CONDITIONS = DEBUG;
				SWIFT_OPTIMIZATION_LEVEL = "-Onone";
			};
			name = Debug;
		};
		E572C0D52A87D4990015FABD /* Release */ = {
			isa = XCBuildConfiguration;
			buildSettings = {
				ALWAYS_SEARCH_USER_PATHS = NO;
				CLANG_ANALYZER_NONNULL = YES;
				CLANG_ANALYZER_NUMBER_OBJECT_CONVERSION = YES_AGGRESSIVE;
				CLANG_CXX_LANGUAGE_STANDARD = "gnu++20";
				CLANG_ENABLE_MODULES = YES;
				CLANG_ENABLE_OBJC_ARC = YES;
				CLANG_ENABLE_OBJC_WEAK = YES;
				CLANG_WARN_BLOCK_CAPTURE_AUTORELEASING = YES;
				CLANG_WARN_BOOL_CONVERSION = YES;
				CLANG_WARN_COMMA = YES;
				CLANG_WARN_CONSTANT_CONVERSION = YES;
				CLANG_WARN_DEPRECATED_OBJC_IMPLEMENTATIONS = YES;
				CLANG_WARN_DIRECT_OBJC_ISA_USAGE = YES_ERROR;
				CLANG_WARN_DOCUMENTATION_COMMENTS = YES;
				CLANG_WARN_EMPTY_BODY = YES;
				CLANG_WARN_ENUM_CONVERSION = YES;
				CLANG_WARN_INFINITE_RECURSION = YES;
				CLANG_WARN_INT_CONVERSION = YES;
				CLANG_WARN_NON_LITERAL_NULL_CONVERSION = YES;
				CLANG_WARN_OBJC_IMPLICIT_RETAIN_SELF = YES;
				CLANG_WARN_OBJC_LITERAL_CONVERSION = YES;
				CLANG_WARN_OBJC_ROOT_CLASS = YES_ERROR;
				CLANG_WARN_QUOTED_INCLUDE_IN_FRAMEWORK_HEADER = YES;
				CLANG_WARN_RANGE_LOOP_ANALYSIS = YES;
				CLANG_WARN_STRICT_PROTOTYPES = YES;
				CLANG_WARN_SUSPICIOUS_MOVE = YES;
				CLANG_WARN_UNGUARDED_AVAILABILITY = YES_AGGRESSIVE;
				CLANG_WARN_UNREACHABLE_CODE = YES;
				CLANG_WARN__DUPLICATE_METHOD_MATCH = YES;
				COPY_PHASE_STRIP = NO;
				DEBUG_INFORMATION_FORMAT = "dwarf-with-dsym";
				ENABLE_NS_ASSERTIONS = NO;
				ENABLE_STRICT_OBJC_MSGSEND = YES;
				GCC_C_LANGUAGE_STANDARD = gnu11;
				GCC_NO_COMMON_BLOCKS = YES;
				GCC_WARN_64_TO_32_BIT_CONVERSION = YES;
				GCC_WARN_ABOUT_RETURN_TYPE = YES_ERROR;
				GCC_WARN_UNDECLARED_SELECTOR = YES;
				GCC_WARN_UNINITIALIZED_AUTOS = YES_AGGRESSIVE;
				GCC_WARN_UNUSED_FUNCTION = YES;
				GCC_WARN_UNUSED_VARIABLE = YES;
				IPHONEOS_DEPLOYMENT_TARGET = 16.1;
				MTL_ENABLE_DEBUG_INFO = NO;
				MTL_FAST_MATH = YES;
				SDKROOT = iphoneos;
				SWIFT_COMPILATION_MODE = wholemodule;
				SWIFT_OPTIMIZATION_LEVEL = "-O";
				VALIDATE_PRODUCT = YES;
			};
			name = Release;
		};
		E572C0D72A87D4990015FABD /* Debug */ = {
			isa = XCBuildConfiguration;
			buildSettings = {
				ASSETCATALOG_COMPILER_APPICON_NAME = AppIcon;
				ASSETCATALOG_COMPILER_GLOBAL_ACCENT_COLOR_NAME = AccentColor;
				CODE_SIGN_STYLE = Automatic;
				CURRENT_PROJECT_VERSION = 1;
				DEVELOPMENT_ASSET_PATHS = "\"Expense-Tracker/Preview Content\"";
				DEVELOPMENT_TEAM = 9U3XA5YB8J;
				ENABLE_PREVIEWS = YES;
				GENERATE_INFOPLIST_FILE = YES;
				INFOPLIST_KEY_UIApplicationSceneManifest_Generation = YES;
				INFOPLIST_KEY_UIApplicationSupportsIndirectInputEvents = YES;
				INFOPLIST_KEY_UILaunchScreen_Generation = YES;
				INFOPLIST_KEY_UISupportedInterfaceOrientations_iPad = "UIInterfaceOrientationPortrait UIInterfaceOrientationPortraitUpsideDown UIInterfaceOrientationLandscapeLeft UIInterfaceOrientationLandscapeRight";
				INFOPLIST_KEY_UISupportedInterfaceOrientations_iPhone = "UIInterfaceOrientationPortrait UIInterfaceOrientationLandscapeLeft UIInterfaceOrientationLandscapeRight";
				IPHONEOS_DEPLOYMENT_TARGET = 16.0;
				LD_RUNPATH_SEARCH_PATHS = (
					"$(inherited)",
					"@executable_path/Frameworks",
				);
				MARKETING_VERSION = 1.0;
				PRODUCT_BUNDLE_IDENTIFIER = "com.seagedev.Expense-Tracker";
				PRODUCT_NAME = "$(TARGET_NAME)";
				SWIFT_EMIT_LOC_STRINGS = YES;
				SWIFT_VERSION = 5.0;
				TARGETED_DEVICE_FAMILY = "1,2";
			};
			name = Debug;
		};
		E572C0D82A87D4990015FABD /* Release */ = {
			isa = XCBuildConfiguration;
			buildSettings = {
				ASSETCATALOG_COMPILER_APPICON_NAME = AppIcon;
				ASSETCATALOG_COMPILER_GLOBAL_ACCENT_COLOR_NAME = AccentColor;
				CODE_SIGN_STYLE = Automatic;
				CURRENT_PROJECT_VERSION = 1;
				DEVELOPMENT_ASSET_PATHS = "\"Expense-Tracker/Preview Content\"";
				DEVELOPMENT_TEAM = 9U3XA5YB8J;
				ENABLE_PREVIEWS = YES;
				GENERATE_INFOPLIST_FILE = YES;
				INFOPLIST_KEY_UIApplicationSceneManifest_Generation = YES;
				INFOPLIST_KEY_UIApplicationSupportsIndirectInputEvents = YES;
				INFOPLIST_KEY_UILaunchScreen_Generation = YES;
				INFOPLIST_KEY_UISupportedInterfaceOrientations_iPad = "UIInterfaceOrientationPortrait UIInterfaceOrientationPortraitUpsideDown UIInterfaceOrientationLandscapeLeft UIInterfaceOrientationLandscapeRight";
				INFOPLIST_KEY_UISupportedInterfaceOrientations_iPhone = "UIInterfaceOrientationPortrait UIInterfaceOrientationLandscapeLeft UIInterfaceOrientationLandscapeRight";
				IPHONEOS_DEPLOYMENT_TARGET = 16.0;
				LD_RUNPATH_SEARCH_PATHS = (
					"$(inherited)",
					"@executable_path/Frameworks",
				);
				MARKETING_VERSION = 1.0;
				PRODUCT_BUNDLE_IDENTIFIER = "com.seagedev.Expense-Tracker";
				PRODUCT_NAME = "$(TARGET_NAME)";
				SWIFT_EMIT_LOC_STRINGS = YES;
				SWIFT_VERSION = 5.0;
				TARGETED_DEVICE_FAMILY = "1,2";
			};
			name = Release;
		};
/* End XCBuildConfiguration section */

/* Begin XCConfigurationList section */
		E572C0C32A87D4970015FABD /* Build configuration list for PBXProject "Expense-Tracker" */ = {
			isa = XCConfigurationList;
			buildConfigurations = (
				E572C0D42A87D4990015FABD /* Debug */,
				E572C0D52A87D4990015FABD /* Release */,
			);
			defaultConfigurationIsVisible = 0;
			defaultConfigurationName = Release;
		};
		E572C0D62A87D4990015FABD /* Build configuration list for PBXNativeTarget "Expense-Tracker" */ = {
			isa = XCConfigurationList;
			buildConfigurations = (
				E572C0D72A87D4990015FABD /* Debug */,
				E572C0D82A87D4990015FABD /* Release */,
			);
			defaultConfigurationIsVisible = 0;
			defaultConfigurationName = Release;
		};
/* End XCConfigurationList section */

/* Begin XCRemoteSwiftPackageReference section */
		E58E451D2A94B4E000D43115 /* XCRemoteSwiftPackageReference "firebase-ios-sdk" */ = {
			isa = XCRemoteSwiftPackageReference;
			repositoryURL = "https://github.com/firebase/firebase-ios-sdk";
			requirement = {
				branch = master;
				kind = branch;
			};
		};
/* End XCRemoteSwiftPackageReference section */

/* Begin XCSwiftPackageProductDependency section */
		E58E451E2A94B4E000D43115 /* FirebaseAuth */ = {
			isa = XCSwiftPackageProductDependency;
			package = E58E451D2A94B4E000D43115 /* XCRemoteSwiftPackageReference "firebase-ios-sdk" */;
			productName = FirebaseAuth;
		};
		E58E45202A94B4E000D43115 /* FirebaseFirestore */ = {
			isa = XCSwiftPackageProductDependency;
			package = E58E451D2A94B4E000D43115 /* XCRemoteSwiftPackageReference "firebase-ios-sdk" */;
			productName = FirebaseFirestore;
		};
		E58E45222A94B4E000D43115 /* FirebaseFirestoreSwift */ = {
			isa = XCSwiftPackageProductDependency;
			package = E58E451D2A94B4E000D43115 /* XCRemoteSwiftPackageReference "firebase-ios-sdk" */;
			productName = FirebaseFirestoreSwift;
		};
		E58E45242A94B4E000D43115 /* FirebaseStorage */ = {
			isa = XCSwiftPackageProductDependency;
			package = E58E451D2A94B4E000D43115 /* XCRemoteSwiftPackageReference "firebase-ios-sdk" */;
			productName = FirebaseStorage;
		};
/* End XCSwiftPackageProductDependency section */
	};
	rootObject = E572C0C02A87D4970015FABD /* Project object */;
}
